// !$*UTF8*$!
{
	archiveVersion = 1;
	classes = {
	};
	objectVersion = 56;
	objects = {

/* Begin PBXBuildFile section */
		319466B029A8E8DB005DC39B /* PlaceholderViewController.swift in Sources */ = {isa = PBXBuildFile; fileRef = 319466AF29A8E8DB005DC39B /* PlaceholderViewController.swift */; };
		319466B229A9EDFC005DC39B /* TileViewController.swift in Sources */ = {isa = PBXBuildFile; fileRef = 319466B129A9EDFC005DC39B /* TileViewController.swift */; };
		319466B429A9EEB4005DC39B /* TileView.swift in Sources */ = {isa = PBXBuildFile; fileRef = 319466B329A9EEB4005DC39B /* TileView.swift */; };
		31D75B4E29A7444000437CC7 /* AppDelegate.swift in Sources */ = {isa = PBXBuildFile; fileRef = 31D75B4D29A7444000437CC7 /* AppDelegate.swift */; };
		31D75B5229A7444000437CC7 /* ViewController.swift in Sources */ = {isa = PBXBuildFile; fileRef = 31D75B5129A7444000437CC7 /* ViewController.swift */; };
		31D75B5729A7444000437CC7 /* Assets.xcassets in Resources */ = {isa = PBXBuildFile; fileRef = 31D75B5629A7444000437CC7 /* Assets.xcassets */; };
		31D75B5A29A7444000437CC7 /* LaunchScreen.storyboard in Resources */ = {isa = PBXBuildFile; fileRef = 31D75B5829A7444000437CC7 /* LaunchScreen.storyboard */; };
		31D75B6329A74AD600437CC7 /* StarbucksViewController.swift in Sources */ = {isa = PBXBuildFile; fileRef = 31D75B6229A74AD600437CC7 /* StarbucksViewController.swift */; };
		31D75B6529A74B1B00437CC7 /* ScanViewController.swift in Sources */ = {isa = PBXBuildFile; fileRef = 31D75B6429A74B1B00437CC7 /* ScanViewController.swift */; };
		31D75B6729A74C0F00437CC7 /* OrderViewController.swift in Sources */ = {isa = PBXBuildFile; fileRef = 31D75B6629A74C0F00437CC7 /* OrderViewController.swift */; };
		31D75B6929A74C9300437CC7 /* GiftViewController.swift in Sources */ = {isa = PBXBuildFile; fileRef = 31D75B6829A74C9300437CC7 /* GiftViewController.swift */; };
		31D75B6B29A74D1B00437CC7 /* StoreViewController.swift in Sources */ = {isa = PBXBuildFile; fileRef = 31D75B6A29A74D1B00437CC7 /* StoreViewController.swift */; };
		31D75B6D29A74E2700437CC7 /* HomeViewController.swift in Sources */ = {isa = PBXBuildFile; fileRef = 31D75B6C29A74E2700437CC7 /* HomeViewController.swift */; };
		31D75B6F29A7540E00437CC7 /* Factories.swift in Sources */ = {isa = PBXBuildFile; fileRef = 31D75B6E29A7540E00437CC7 /* Factories.swift */; };
		31D75B7229A8A23400437CC7 /* HomeHeaderView.swift in Sources */ = {isa = PBXBuildFile; fileRef = 31D75B7129A8A23400437CC7 /* HomeHeaderView.swift */; };
/* End PBXBuildFile section */

/* Begin PBXFileReference section */
		319466AF29A8E8DB005DC39B /* PlaceholderViewController.swift */ = {isa = PBXFileReference; lastKnownFileType = sourcecode.swift; path = PlaceholderViewController.swift; sourceTree = "<group>"; };
		319466B129A9EDFC005DC39B /* TileViewController.swift */ = {isa = PBXFileReference; lastKnownFileType = sourcecode.swift; path = TileViewController.swift; sourceTree = "<group>"; };
		319466B329A9EEB4005DC39B /* TileView.swift */ = {isa = PBXFileReference; lastKnownFileType = sourcecode.swift; path = TileView.swift; sourceTree = "<group>"; };
		31D75B4A29A7444000437CC7 /* StarbucksClone.app */ = {isa = PBXFileReference; explicitFileType = wrapper.application; includeInIndex = 0; path = StarbucksClone.app; sourceTree = BUILT_PRODUCTS_DIR; };
		31D75B4D29A7444000437CC7 /* AppDelegate.swift */ = {isa = PBXFileReference; lastKnownFileType = sourcecode.swift; path = AppDelegate.swift; sourceTree = "<group>"; };
		31D75B5129A7444000437CC7 /* ViewController.swift */ = {isa = PBXFileReference; lastKnownFileType = sourcecode.swift; path = ViewController.swift; sourceTree = "<group>"; };
		31D75B5629A7444000437CC7 /* Assets.xcassets */ = {isa = PBXFileReference; lastKnownFileType = folder.assetcatalog; path = Assets.xcassets; sourceTree = "<group>"; };
		31D75B5929A7444000437CC7 /* Base */ = {isa = PBXFileReference; lastKnownFileType = file.storyboard; name = Base; path = Base.lproj/LaunchScreen.storyboard; sourceTree = "<group>"; };
		31D75B5B29A7444000437CC7 /* Info.plist */ = {isa = PBXFileReference; lastKnownFileType = text.plist.xml; path = Info.plist; sourceTree = "<group>"; };
		31D75B6229A74AD600437CC7 /* StarbucksViewController.swift */ = {isa = PBXFileReference; lastKnownFileType = sourcecode.swift; path = StarbucksViewController.swift; sourceTree = "<group>"; };
		31D75B6429A74B1B00437CC7 /* ScanViewController.swift */ = {isa = PBXFileReference; lastKnownFileType = sourcecode.swift; path = ScanViewController.swift; sourceTree = "<group>"; };
		31D75B6629A74C0F00437CC7 /* OrderViewController.swift */ = {isa = PBXFileReference; lastKnownFileType = sourcecode.swift; path = OrderViewController.swift; sourceTree = "<group>"; };
		31D75B6829A74C9300437CC7 /* GiftViewController.swift */ = {isa = PBXFileReference; lastKnownFileType = sourcecode.swift; path = GiftViewController.swift; sourceTree = "<group>"; };
		31D75B6A29A74D1B00437CC7 /* StoreViewController.swift */ = {isa = PBXFileReference; lastKnownFileType = sourcecode.swift; path = StoreViewController.swift; sourceTree = "<group>"; };
		31D75B6C29A74E2700437CC7 /* HomeViewController.swift */ = {isa = PBXFileReference; lastKnownFileType = sourcecode.swift; path = HomeViewController.swift; sourceTree = "<group>"; };
		31D75B6E29A7540E00437CC7 /* Factories.swift */ = {isa = PBXFileReference; lastKnownFileType = sourcecode.swift; path = Factories.swift; sourceTree = "<group>"; };
		31D75B7129A8A23400437CC7 /* HomeHeaderView.swift */ = {isa = PBXFileReference; lastKnownFileType = sourcecode.swift; path = HomeHeaderView.swift; sourceTree = "<group>"; };
/* End PBXFileReference section */

/* Begin PBXFrameworksBuildPhase section */
		31D75B4729A7444000437CC7 /* Frameworks */ = {
			isa = PBXFrameworksBuildPhase;
			buildActionMask = 2147483647;
			files = (
			);
			runOnlyForDeploymentPostprocessing = 0;
		};
/* End PBXFrameworksBuildPhase section */

/* Begin PBXGroup section */
		31D75B4129A7444000437CC7 = {
			isa = PBXGroup;
			children = (
				31D75B4C29A7444000437CC7 /* StarbucksClone */,
				31D75B4B29A7444000437CC7 /* Products */,
			);
			sourceTree = "<group>";
		};
		31D75B4B29A7444000437CC7 /* Products */ = {
			isa = PBXGroup;
			children = (
				31D75B4A29A7444000437CC7 /* StarbucksClone.app */,
			);
			name = Products;
			sourceTree = "<group>";
		};
		31D75B4C29A7444000437CC7 /* StarbucksClone */ = {
			isa = PBXGroup;
			children = (
				31D75B7029A8A1BB00437CC7 /* Home */,
				31D75B4D29A7444000437CC7 /* AppDelegate.swift */,
				31D75B5129A7444000437CC7 /* ViewController.swift */,
				31D75B6229A74AD600437CC7 /* StarbucksViewController.swift */,
				31D75B6429A74B1B00437CC7 /* ScanViewController.swift */,
				31D75B6629A74C0F00437CC7 /* OrderViewController.swift */,
				31D75B6829A74C9300437CC7 /* GiftViewController.swift */,
				31D75B6A29A74D1B00437CC7 /* StoreViewController.swift */,
				31D75B6E29A7540E00437CC7 /* Factories.swift */,
				31D75B6129A7460000437CC7 /* Files */,
			);
			path = StarbucksClone;
			sourceTree = "<group>";
		};
		31D75B6129A7460000437CC7 /* Files */ = {
			isa = PBXGroup;
			children = (
				31D75B5629A7444000437CC7 /* Assets.xcassets */,
				31D75B5829A7444000437CC7 /* LaunchScreen.storyboard */,
				31D75B5B29A7444000437CC7 /* Info.plist */,
			);
			name = Files;
			sourceTree = "<group>";
		};
		31D75B7029A8A1BB00437CC7 /* Home */ = {
			isa = PBXGroup;
			children = (
				31D75B6C29A74E2700437CC7 /* HomeViewController.swift */,
				31D75B7129A8A23400437CC7 /* HomeHeaderView.swift */,
				319466AF29A8E8DB005DC39B /* PlaceholderViewController.swift */,
				319466B129A9EDFC005DC39B /* TileViewController.swift */,
				319466B329A9EEB4005DC39B /* TileView.swift */,
			);
			name = Home;
			sourceTree = "<group>";
		};
/* End PBXGroup section */

/* Begin PBXNativeTarget section */
		31D75B4929A7444000437CC7 /* StarbucksClone */ = {
			isa = PBXNativeTarget;
			buildConfigurationList = 31D75B5E29A7444000437CC7 /* Build configuration list for PBXNativeTarget "StarbucksClone" */;
			buildPhases = (
				31D75B4629A7444000437CC7 /* Sources */,
				31D75B4729A7444000437CC7 /* Frameworks */,
				31D75B4829A7444000437CC7 /* Resources */,
			);
			buildRules = (
			);
			dependencies = (
			);
			name = StarbucksClone;
			productName = StarbucksClone;
			productReference = 31D75B4A29A7444000437CC7 /* StarbucksClone.app */;
			productType = "com.apple.product-type.application";
		};
/* End PBXNativeTarget section */

/* Begin PBXProject section */
		31D75B4229A7444000437CC7 /* Project object */ = {
			isa = PBXProject;
			attributes = {
				BuildIndependentTargetsInParallel = 1;
				LastSwiftUpdateCheck = 1420;
				LastUpgradeCheck = 1420;
				TargetAttributes = {
					31D75B4929A7444000437CC7 = {
						CreatedOnToolsVersion = 14.2;
					};
				};
			};
			buildConfigurationList = 31D75B4529A7444000437CC7 /* Build configuration list for PBXProject "StarbucksClone" */;
			compatibilityVersion = "Xcode 14.0";
			developmentRegion = en;
			hasScannedForEncodings = 0;
			knownRegions = (
				en,
				Base,
			);
			mainGroup = 31D75B4129A7444000437CC7;
			productRefGroup = 31D75B4B29A7444000437CC7 /* Products */;
			projectDirPath = "";
			projectRoot = "";
			targets = (
				31D75B4929A7444000437CC7 /* StarbucksClone */,
			);
		};
/* End PBXProject section */

/* Begin PBXResourcesBuildPhase section */
		31D75B4829A7444000437CC7 /* Resources */ = {
			isa = PBXResourcesBuildPhase;
			buildActionMask = 2147483647;
			files = (
				31D75B5A29A7444000437CC7 /* LaunchScreen.storyboard in Resources */,
				31D75B5729A7444000437CC7 /* Assets.xcassets in Resources */,
			);
			runOnlyForDeploymentPostprocessing = 0;
		};
/* End PBXResourcesBuildPhase section */

/* Begin PBXSourcesBuildPhase section */
		31D75B4629A7444000437CC7 /* Sources */ = {
			isa = PBXSourcesBuildPhase;
			buildActionMask = 2147483647;
			files = (
				319466B029A8E8DB005DC39B /* PlaceholderViewController.swift in Sources */,
				31D75B6F29A7540E00437CC7 /* Factories.swift in Sources */,
				319466B429A9EEB4005DC39B /* TileView.swift in Sources */,
				31D75B6329A74AD600437CC7 /* StarbucksViewController.swift in Sources */,
				31D75B6729A74C0F00437CC7 /* OrderViewController.swift in Sources */,
				31D75B5229A7444000437CC7 /* ViewController.swift in Sources */,
				31D75B6D29A74E2700437CC7 /* HomeViewController.swift in Sources */,
				31D75B4E29A7444000437CC7 /* AppDelegate.swift in Sources */,
				31D75B7229A8A23400437CC7 /* HomeHeaderView.swift in Sources */,
				319466B229A9EDFC005DC39B /* TileViewController.swift in Sources */,
				31D75B6929A74C9300437CC7 /* GiftViewController.swift in Sources */,
				31D75B6529A74B1B00437CC7 /* ScanViewController.swift in Sources */,
				31D75B6B29A74D1B00437CC7 /* StoreViewController.swift in Sources */,
			);
			runOnlyForDeploymentPostprocessing = 0;
		};
/* End PBXSourcesBuildPhase section */

/* Begin PBXVariantGroup section */
		31D75B5829A7444000437CC7 /* LaunchScreen.storyboard */ = {
			isa = PBXVariantGroup;
			children = (
				31D75B5929A7444000437CC7 /* Base */,
			);
			name = LaunchScreen.storyboard;
			sourceTree = "<group>";
		};
/* End PBXVariantGroup section */

/* Begin XCBuildConfiguration section */
		31D75B5C29A7444000437CC7 /* Debug */ = {
			isa = XCBuildConfiguration;
			buildSettings = {
				ALWAYS_SEARCH_USER_PATHS = NO;
				CLANG_ANALYZER_NONNULL = YES;
				CLANG_ANALYZER_NUMBER_OBJECT_CONVERSION = YES_AGGRESSIVE;
				CLANG_CXX_LANGUAGE_STANDARD = "gnu++20";
				CLANG_ENABLE_MODULES = YES;
				CLANG_ENABLE_OBJC_ARC = YES;
				CLANG_ENABLE_OBJC_WEAK = YES;
				CLANG_WARN_BLOCK_CAPTURE_AUTORELEASING = YES;
				CLANG_WARN_BOOL_CONVERSION = YES;
				CLANG_WARN_COMMA = YES;
				CLANG_WARN_CONSTANT_CONVERSION = YES;
				CLANG_WARN_DEPRECATED_OBJC_IMPLEMENTATIONS = YES;
				CLANG_WARN_DIRECT_OBJC_ISA_USAGE = YES_ERROR;
				CLANG_WARN_DOCUMENTATION_COMMENTS = YES;
				CLANG_WARN_EMPTY_BODY = YES;
				CLANG_WARN_ENUM_CONVERSION = YES;
				CLANG_WARN_INFINITE_RECURSION = YES;
				CLANG_WARN_INT_CONVERSION = YES;
				CLANG_WARN_NON_LITERAL_NULL_CONVERSION = YES;
				CLANG_WARN_OBJC_IMPLICIT_RETAIN_SELF = YES;
				CLANG_WARN_OBJC_LITERAL_CONVERSION = YES;
				CLANG_WARN_OBJC_ROOT_CLASS = YES_ERROR;
				CLANG_WARN_QUOTED_INCLUDE_IN_FRAMEWORK_HEADER = YES;
				CLANG_WARN_RANGE_LOOP_ANALYSIS = YES;
				CLANG_WARN_STRICT_PROTOTYPES = YES;
				CLANG_WARN_SUSPICIOUS_MOVE = YES;
				CLANG_WARN_UNGUARDED_AVAILABILITY = YES_AGGRESSIVE;
				CLANG_WARN_UNREACHABLE_CODE = YES;
				CLANG_WARN__DUPLICATE_METHOD_MATCH = YES;
				COPY_PHASE_STRIP = NO;
				DEBUG_INFORMATION_FORMAT = dwarf;
				ENABLE_STRICT_OBJC_MSGSEND = YES;
				ENABLE_TESTABILITY = YES;
				GCC_C_LANGUAGE_STANDARD = gnu11;
				GCC_DYNAMIC_NO_PIC = NO;
				GCC_NO_COMMON_BLOCKS = YES;
				GCC_OPTIMIZATION_LEVEL = 0;
				GCC_PREPROCESSOR_DEFINITIONS = (
					"DEBUG=1",
					"$(inherited)",
				);
				GCC_WARN_64_TO_32_BIT_CONVERSION = YES;
				GCC_WARN_ABOUT_RETURN_TYPE = YES_ERROR;
				GCC_WARN_UNDECLARED_SELECTOR = YES;
				GCC_WARN_UNINITIALIZED_AUTOS = YES_AGGRESSIVE;
				GCC_WARN_UNUSED_FUNCTION = YES;
				GCC_WARN_UNUSED_VARIABLE = YES;
				IPHONEOS_DEPLOYMENT_TARGET = 13.0;
				MTL_ENABLE_DEBUG_INFO = INCLUDE_SOURCE;
				MTL_FAST_MATH = YES;
				ONLY_ACTIVE_ARCH = YES;
				SDKROOT = iphoneos;
				SWIFT_ACTIVE_COMPILATION_CONDITIONS = DEBUG;
				SWIFT_OPTIMIZATION_LEVEL = "-Onone";
			};
			name = Debug;
		};
		31D75B5D29A7444000437CC7 /* Release */ = {
			isa = XCBuildConfiguration;
			buildSettings = {
				ALWAYS_SEARCH_USER_PATHS = NO;
				CLANG_ANALYZER_NONNULL = YES;
				CLANG_ANALYZER_NUMBER_OBJECT_CONVERSION = YES_AGGRESSIVE;
				CLANG_CXX_LANGUAGE_STANDARD = "gnu++20";
				CLANG_ENABLE_MODULES = YES;
				CLANG_ENABLE_OBJC_ARC = YES;
				CLANG_ENABLE_OBJC_WEAK = YES;
				CLANG_WARN_BLOCK_CAPTURE_AUTORELEASING = YES;
				CLANG_WARN_BOOL_CONVERSION = YES;
				CLANG_WARN_COMMA = YES;
				CLANG_WARN_CONSTANT_CONVERSION = YES;
				CLANG_WARN_DEPRECATED_OBJC_IMPLEMENTATIONS = YES;
				CLANG_WARN_DIRECT_OBJC_ISA_USAGE = YES_ERROR;
				CLANG_WARN_DOCUMENTATION_COMMENTS = YES;
				CLANG_WARN_EMPTY_BODY = YES;
				CLANG_WARN_ENUM_CONVERSION = YES;
				CLANG_WARN_INFINITE_RECURSION = YES;
				CLANG_WARN_INT_CONVERSION = YES;
				CLANG_WARN_NON_LITERAL_NULL_CONVERSION = YES;
				CLANG_WARN_OBJC_IMPLICIT_RETAIN_SELF = YES;
				CLANG_WARN_OBJC_LITERAL_CONVERSION = YES;
				CLANG_WARN_OBJC_ROOT_CLASS = YES_ERROR;
				CLANG_WARN_QUOTED_INCLUDE_IN_FRAMEWORK_HEADER = YES;
				CLANG_WARN_RANGE_LOOP_ANALYSIS = YES;
				CLANG_WARN_STRICT_PROTOTYPES = YES;
				CLANG_WARN_SUSPICIOUS_MOVE = YES;
				CLANG_WARN_UNGUARDED_AVAILABILITY = YES_AGGRESSIVE;
				CLANG_WARN_UNREACHABLE_CODE = YES;
				CLANG_WARN__DUPLICATE_METHOD_MATCH = YES;
				COPY_PHASE_STRIP = NO;
				DEBUG_INFORMATION_FORMAT = "dwarf-with-dsym";
				ENABLE_NS_ASSERTIONS = NO;
				ENABLE_STRICT_OBJC_MSGSEND = YES;
				GCC_C_LANGUAGE_STANDARD = gnu11;
				GCC_NO_COMMON_BLOCKS = YES;
				GCC_WARN_64_TO_32_BIT_CONVERSION = YES;
				GCC_WARN_ABOUT_RETURN_TYPE = YES_ERROR;
				GCC_WARN_UNDECLARED_SELECTOR = YES;
				GCC_WARN_UNINITIALIZED_AUTOS = YES_AGGRESSIVE;
				GCC_WARN_UNUSED_FUNCTION = YES;
				GCC_WARN_UNUSED_VARIABLE = YES;
				IPHONEOS_DEPLOYMENT_TARGET = 13.0;
				MTL_ENABLE_DEBUG_INFO = NO;
				MTL_FAST_MATH = YES;
				SDKROOT = iphoneos;
				SWIFT_COMPILATION_MODE = wholemodule;
				SWIFT_OPTIMIZATION_LEVEL = "-O";
				VALIDATE_PRODUCT = YES;
			};
			name = Release;
		};
		31D75B5F29A7444000437CC7 /* Debug */ = {
			isa = XCBuildConfiguration;
			buildSettings = {
				ASSETCATALOG_COMPILER_APPICON_NAME = AppIcon;
				ASSETCATALOG_COMPILER_GLOBAL_ACCENT_COLOR_NAME = AccentColor;
				CODE_SIGN_STYLE = Automatic;
				CURRENT_PROJECT_VERSION = 1;
				DEVELOPMENT_TEAM = MWX8MMU36D;
				GENERATE_INFOPLIST_FILE = YES;
				INFOPLIST_FILE = StarbucksClone/Info.plist;
				INFOPLIST_KEY_UIApplicationSupportsIndirectInputEvents = YES;
				INFOPLIST_KEY_UILaunchStoryboardName = LaunchScreen;
				INFOPLIST_KEY_UISupportedInterfaceOrientations_iPad = "UIInterfaceOrientationPortrait UIInterfaceOrientationPortraitUpsideDown UIInterfaceOrientationLandscapeLeft UIInterfaceOrientationLandscapeRight";
				INFOPLIST_KEY_UISupportedInterfaceOrientations_iPhone = "UIInterfaceOrientationPortrait UIInterfaceOrientationLandscapeLeft UIInterfaceOrientationLandscapeRight";
				IPHONEOS_DEPLOYMENT_TARGET = 13.0;
				LD_RUNPATH_SEARCH_PATHS = (
					"$(inherited)",
					"@executable_path/Frameworks",
				);
				MARKETING_VERSION = 1.0;
				PRODUCT_BUNDLE_IDENTIFIER = vladimirmoor.home.com.StarbucksClone;
				PRODUCT_NAME = "$(TARGET_NAME)";
				SUPPORTED_PLATFORMS = "iphoneos iphonesimulator";
				SUPPORTS_MACCATALYST = NO;
				SUPPORTS_MAC_DESIGNED_FOR_IPHONE_IPAD = NO;
				SWIFT_EMIT_LOC_STRINGS = YES;
				SWIFT_VERSION = 5.0;
				TARGETED_DEVICE_FAMILY = 1;
			};
			name = Debug;
		};
		31D75B6029A7444000437CC7 /* Release */ = {
			isa = XCBuildConfiguration;
			buildSettings = {
				ASSETCATALOG_COMPILER_APPICON_NAME = AppIcon;
				ASSETCATALOG_COMPILER_GLOBAL_ACCENT_COLOR_NAME = AccentColor;
				CODE_SIGN_STYLE = Automatic;
				CURRENT_PROJECT_VERSION = 1;
				DEVELOPMENT_TEAM = MWX8MMU36D;
				GENERATE_INFOPLIST_FILE = YES;
				INFOPLIST_FILE = StarbucksClone/Info.plist;
				INFOPLIST_KEY_UIApplicationSupportsIndirectInputEvents = YES;
				INFOPLIST_KEY_UILaunchStoryboardName = LaunchScreen;
				INFOPLIST_KEY_UISupportedInterfaceOrientations_iPad = "UIInterfaceOrientationPortrait UIInterfaceOrientationPortraitUpsideDown UIInterfaceOrientationLandscapeLeft UIInterfaceOrientationLandscapeRight";
				INFOPLIST_KEY_UISupportedInterfaceOrientations_iPhone = "UIInterfaceOrientationPortrait UIInterfaceOrientationLandscapeLeft UIInterfaceOrientationLandscapeRight";
				IPHONEOS_DEPLOYMENT_TARGET = 13.0;
				LD_RUNPATH_SEARCH_PATHS = (
					"$(inherited)",
					"@executable_path/Frameworks",
				);
				MARKETING_VERSION = 1.0;
				PRODUCT_BUNDLE_IDENTIFIER = vladimirmoor.home.com.StarbucksClone;
				PRODUCT_NAME = "$(TARGET_NAME)";
				SUPPORTED_PLATFORMS = "iphoneos iphonesimulator";
				SUPPORTS_MACCATALYST = NO;
				SUPPORTS_MAC_DESIGNED_FOR_IPHONE_IPAD = NO;
				SWIFT_EMIT_LOC_STRINGS = YES;
				SWIFT_VERSION = 5.0;
				TARGETED_DEVICE_FAMILY = 1;
			};
			name = Release;
		};
/* End XCBuildConfiguration section */

/* Begin XCConfigurationList section */
		31D75B4529A7444000437CC7 /* Build configuration list for PBXProject "StarbucksClone" */ = {
			isa = XCConfigurationList;
			buildConfigurations = (
				31D75B5C29A7444000437CC7 /* Debug */,
				31D75B5D29A7444000437CC7 /* Release */,
			);
			defaultConfigurationIsVisible = 0;
			defaultConfigurationName = Release;
		};
		31D75B5E29A7444000437CC7 /* Build configuration list for PBXNativeTarget "StarbucksClone" */ = {
			isa = XCConfigurationList;
			buildConfigurations = (
				31D75B5F29A7444000437CC7 /* Debug */,
				31D75B6029A7444000437CC7 /* Release */,
			);
			defaultConfigurationIsVisible = 0;
			defaultConfigurationName = Release;
		};
/* End XCConfigurationList section */
	};
	rootObject = 31D75B4229A7444000437CC7 /* Project object */;
}
